{
	"name": "uilicious-cli",
	"version": "3.2.18",
	"lockfileVersion": 1,
	"requires": true,
	"dependencies": {
		"@uilicious/cli-linux-32bit": {
			"version": "3.2.14",
			"resolved": "https://registry.npmjs.org/@uilicious/cli-linux-32bit/-/cli-linux-32bit-3.2.14.tgz",
			"integrity": "sha512-+/5j7mXonTvtf0oRIAa2vzjBnnqwc2CkPsL7aFKXeqfkEKHGLa2lX/VGdn3KMdNacuf3Bk4if+NsgY1bBk4Fyw==",
			"optional": true
		},
		"@uilicious/cli-linux-64bit": {
			"version": "3.2.14",
			"resolved": "https://registry.npmjs.org/@uilicious/cli-linux-64bit/-/cli-linux-64bit-3.2.14.tgz",
			"integrity": "sha512-1cCrgtg1rzMicfjNKsCiegnmnmiBjGJ9pbJuti8FLnyuCBRDYxW1ptvawKmIbQ9UYNV/wv38wKrnVzl9gC9wew==",
			"optional": true
		},
		"@uilicious/cli-macos-32bit": {
			"version": "3.2.14",
			"resolved": "https://registry.npmjs.org/@uilicious/cli-macos-32bit/-/cli-macos-32bit-3.2.14.tgz",
			"integrity": "sha512-0+lOsWbSDbo/B8JQwX2vSzS43hRTWkusspqNxTLgSsOCTRG/2JgBmE80ExudnYOrZxMOdA+oUdZdrQBfqRJUcA==",
			"optional": true
		},
		"@uilicious/cli-macos-64bit": {
			"version": "3.2.14",
			"resolved": "https://registry.npmjs.org/@uilicious/cli-macos-64bit/-/cli-macos-64bit-3.2.14.tgz",
			"integrity": "sha512-AgRYvn7uuMMBG6ZKEIUkuOob2SkKYdKGNAL9r3+Z4s3MrTaTZGlLQ2z3JjNR8TcIlFhU84pP8K5+h7AobpUA9A==",
			"optional": true
		},
		"@uilicious/cli-windows-32bit": {
			"version": "3.2.14",
			"resolved": "https://registry.npmjs.org/@uilicious/cli-windows-32bit/-/cli-windows-32bit-3.2.14.tgz",
			"integrity": "sha512-Awug/dczTfFrV1vCWB1oe8bTl8pqBr2JyLsR4/uyvsagsklv9KWEU5IEiMj6PvRX3Z9KyQ445F7X38v6Wjk7qA==",
			"optional": true
		},
		"@uilicious/cli-windows-64bit": {
			"version": "3.2.14",
			"resolved": "https://registry.npmjs.org/@uilicious/cli-windows-64bit/-/cli-windows-64bit-3.2.14.tgz",
			"integrity": "sha512-rOpLim07oB141cdZeoqgWcaNBOGxZG01A6tWK+BBg0PZ8f6nXfKEBzDsSbK7Ml/gOqN3+aEuyLTut+B6xO/mLg==",
			"optional": true
		}
	}
}
